
Microsoft Visual Studio Solution File, Format Version 12.00
# Visual Studio Version 17
VisualStudioVersion = 17.13.35919.96
MinimumVisualStudioVersion = 10.0.40219.1
Project("{FAE04EC0-301F-11D3-BF4B-00C04F79EFBC}") = "Subtitles.Api", "Subtitles.Api\Subtitles.Api.csproj", "{8037165E-BBA3-473F-82CB-B95DA6F7E60D}"
EndProject
Project("{FAE04EC0-301F-11D3-BF4B-00C04F79EFBC}") = "Subtitles.Data", "Subtitles.Data\Subtitles.Data.csproj", "{7D965A01-B357-4E67-9F35-64C65D5CF436}"
EndProject
Global
	GlobalSection(SolutionConfigurationPlatforms) = preSolution
		Debug|Any CPU = Debug|Any CPU
		Release|Any CPU = Release|Any CPU
	EndGlobalSection
	GlobalSection(ProjectConfigurationPlatforms) = postSolution
		{8037165E-BBA3-473F-82CB-B95DA6F7E60D}.Debug|Any CPU.ActiveCfg = Debug|Any CPU
		{8037165E-BBA3-473F-82CB-B95DA6F7E60D}.Debug|Any CPU.Build.0 = Debug|Any CPU
		{8037165E-BBA3-473F-82CB-B95DA6F7E60D}.Release|Any CPU.ActiveCfg = Release|Any CPU
		{8037165E-BBA3-473F-82CB-B95DA6F7E60D}.Release|Any CPU.Build.0 = Release|Any CPU
		{7D965A01-B357-4E67-9F35-64C65D5CF436}.Debug|Any CPU.ActiveCfg = Debug|Any CPU
		{7D965A01-B357-4E67-9F35-64C65D5CF436}.Debug|Any CPU.Build.0 = Debug|Any CPU
		{7D965A01-B357-4E67-9F35-64C65D5CF436}.Release|Any CPU.ActiveCfg = Release|Any CPU
		{7D965A01-B357-4E67-9F35-64C65D5CF436}.Release|Any CPU.Build.0 = Release|Any CPU
	EndGlobalSection
	GlobalSection(SolutionProperties) = preSolution
		HideSolutionNode = FALSE
	EndGlobalSection
	GlobalSection(ExtensibilityGlobals) = postSolution
		SolutionGuid = {9DE0CA9C-35AF-4D04-A0B6-79DA517662E4}
	EndGlobalSection
EndGlobal
